
Microsoft Visual Studio Solution File, Format Version 12.00
# Visual Studio Version 17
VisualStudioVersion = 17.9.34714.143
MinimumVisualStudioVersion = 10.0.40219.1
Project("{FAE04EC0-301F-11D3-BF4B-00C04F79EFBC}") = "tupencauymobile", "tupencauymobile.csproj", "{900CCF38-85EC-4073-8D9D-9BABC77D554B}"
EndProject
Global
	GlobalSection(SolutionConfigurationPlatforms) = preSolution
		Debug|Any CPU = Debug|Any CPU
		Release|Any CPU = Release|Any CPU
	EndGlobalSection
	GlobalSection(ProjectConfigurationPlatforms) = postSolution
		{900CCF38-85EC-4073-8D9D-9BABC77D554B}.Debug|Any CPU.ActiveCfg = Debug|Any CPU
		{900CCF38-85EC-4073-8D9D-9BABC77D554B}.Debug|Any CPU.Build.0 = Debug|Any CPU
		{900CCF38-85EC-4073-8D9D-9BABC77D554B}.Debug|Any CPU.Deploy.0 = Debug|Any CPU
		{900CCF38-85EC-4073-8D9D-9BABC77D554B}.Release|Any CPU.ActiveCfg = Release|Any CPU
		{900CCF38-85EC-4073-8D9D-9BABC77D554B}.Release|Any CPU.Build.0 = Release|Any CPU
		{900CCF38-85EC-4073-8D9D-9BABC77D554B}.Release|Any CPU.Deploy.0 = Release|Any CPU
	EndGlobalSection
	GlobalSection(SolutionProperties) = preSolution
		HideSolutionNode = FALSE
	EndGlobalSection
	GlobalSection(ExtensibilityGlobals) = postSolution
		SolutionGuid = {2CF3D48A-FD9F-4EC5-96CB-0E0A39E1188E}
	EndGlobalSection
EndGlobal
