
Microsoft Visual Studio Solution File, Format Version 12.00
# Visual Studio Version 17
VisualStudioVersion = 17.9.34728.123
MinimumVisualStudioVersion = 10.0.40219.1
Project("{9A19103F-16F7-4668-BE54-9A1E7A4F7556}") = "tupencauy", "tupencauy\tupencauy.csproj", "{1A04187B-7B5D-44BB-BB9D-DF2DB2AF1EA0}"
EndProject
Project("{9A19103F-16F7-4668-BE54-9A1E7A4F7556}") = "tupencauywebapi", "tupencauywebapi\tupencauywebapi.csproj", "{7FE139BB-B77C-4EC4-980D-0E71A5EE7795}"
EndProject
Global
	GlobalSection(SolutionConfigurationPlatforms) = preSolution
		Debug|Any CPU = Debug|Any CPU
		Release|Any CPU = Release|Any CPU
	EndGlobalSection
	GlobalSection(ProjectConfigurationPlatforms) = postSolution
		{1A04187B-7B5D-44BB-BB9D-DF2DB2AF1EA0}.Debug|Any CPU.ActiveCfg = Release|Any CPU
		{1A04187B-7B5D-44BB-BB9D-DF2DB2AF1EA0}.Debug|Any CPU.Build.0 = Release|Any CPU
		{1A04187B-7B5D-44BB-BB9D-DF2DB2AF1EA0}.Release|Any CPU.ActiveCfg = Release|Any CPU
		{1A04187B-7B5D-44BB-BB9D-DF2DB2AF1EA0}.Release|Any CPU.Build.0 = Release|Any CPU
		{7FE139BB-B77C-4EC4-980D-0E71A5EE7795}.Debug|Any CPU.ActiveCfg = Debug|Any CPU
		{7FE139BB-B77C-4EC4-980D-0E71A5EE7795}.Debug|Any CPU.Build.0 = Debug|Any CPU
		{7FE139BB-B77C-4EC4-980D-0E71A5EE7795}.Release|Any CPU.ActiveCfg = Release|Any CPU
		{7FE139BB-B77C-4EC4-980D-0E71A5EE7795}.Release|Any CPU.Build.0 = Release|Any CPU
	EndGlobalSection
	GlobalSection(SolutionProperties) = preSolution
		HideSolutionNode = FALSE
	EndGlobalSection
	GlobalSection(ExtensibilityGlobals) = postSolution
		SolutionGuid = {65182743-1083-4A6C-AD0E-CE849E2FBE0F}
	EndGlobalSection
EndGlobal
